
Microsoft Visual Studio Solution File, Format Version 12.00
# Visual Studio Version 17
VisualStudioVersion = 17.8.34525.116
MinimumVisualStudioVersion = 10.0.40219.1
Project("{FAE04EC0-301F-11D3-BF4B-00C04F79EFBC}") = "ParentChildAccess", "ParentChildAccess\ParentChildAccess.csproj", "{D502DC10-4785-4EE5-9025-24A5683CF73A}"
EndProject
Global
	GlobalSection(SolutionConfigurationPlatforms) = preSolution
		Debug|Any CPU = Debug|Any CPU
		Release|Any CPU = Release|Any CPU
	EndGlobalSection
	GlobalSection(ProjectConfigurationPlatforms) = postSolution
		{D502DC10-4785-4EE5-9025-24A5683CF73A}.Debug|Any CPU.ActiveCfg = Debug|Any CPU
		{D502DC10-4785-4EE5-9025-24A5683CF73A}.Debug|Any CPU.Build.0 = Debug|Any CPU
		{D502DC10-4785-4EE5-9025-24A5683CF73A}.Release|Any CPU.ActiveCfg = Release|Any CPU
		{D502DC10-4785-4EE5-9025-24A5683CF73A}.Release|Any CPU.Build.0 = Release|Any CPU
	EndGlobalSection
	GlobalSection(SolutionProperties) = preSolution
		HideSolutionNode = FALSE
	EndGlobalSection
	GlobalSection(ExtensibilityGlobals) = postSolution
		SolutionGuid = {F57BE6FA-20F2-458D-8751-AEE8156F64E5}
	EndGlobalSection
EndGlobal
